
Microsoft Visual Studio Solution File, Format Version 12.00
# Visual Studio Version 17
VisualStudioVersion = 17.5.33414.496
MinimumVisualStudioVersion = 10.0.40219.1
Project("{FAE04EC0-301F-11D3-BF4B-00C04F79EFBC}") = "PhamHoangNam_2080600040", "PhamHoangNam_2080600040\PhamHoangNam_2080600040.csproj", "{5529839C-35EC-40A3-8A38-62BB1B69AD45}"
EndProject
Global
	GlobalSection(SolutionConfigurationPlatforms) = preSolution
		Debug|Any CPU = Debug|Any CPU
		Release|Any CPU = Release|Any CPU
	EndGlobalSection
	GlobalSection(ProjectConfigurationPlatforms) = postSolution
		{5529839C-35EC-40A3-8A38-62BB1B69AD45}.Debug|Any CPU.ActiveCfg = Debug|Any CPU
		{5529839C-35EC-40A3-8A38-62BB1B69AD45}.Debug|Any CPU.Build.0 = Debug|Any CPU
		{5529839C-35EC-40A3-8A38-62BB1B69AD45}.Release|Any CPU.ActiveCfg = Release|Any CPU
		{5529839C-35EC-40A3-8A38-62BB1B69AD45}.Release|Any CPU.Build.0 = Release|Any CPU
	EndGlobalSection
	GlobalSection(SolutionProperties) = preSolution
		HideSolutionNode = FALSE
	EndGlobalSection
	GlobalSection(ExtensibilityGlobals) = postSolution
		SolutionGuid = {58AAC3DD-9579-4190-BE45-24F9FDB7B9EA}
	EndGlobalSection
EndGlobal
